
Microsoft Visual Studio Solution File, Format Version 12.00
# Visual Studio Version 17
VisualStudioVersion = 17.2.32630.192
MinimumVisualStudioVersion = 10.0.40219.1
Project("{FAE04EC0-301F-11D3-BF4B-00C04F79EFBC}") = "MKEHCBot", "MKEHCBot\MKEHCBot.csproj", "{0240E2B5-5B12-405D-A7A0-A07E26AB4915}"
EndProject
Global
	GlobalSection(SolutionConfigurationPlatforms) = preSolution
		Debug|Any CPU = Debug|Any CPU
		Release|Any CPU = Release|Any CPU
	EndGlobalSection
	GlobalSection(ProjectConfigurationPlatforms) = postSolution
		{0240E2B5-5B12-405D-A7A0-A07E26AB4915}.Debug|Any CPU.ActiveCfg = Debug|Any CPU
		{0240E2B5-5B12-405D-A7A0-A07E26AB4915}.Debug|Any CPU.Build.0 = Debug|Any CPU
		{0240E2B5-5B12-405D-A7A0-A07E26AB4915}.Release|Any CPU.ActiveCfg = Release|Any CPU
		{0240E2B5-5B12-405D-A7A0-A07E26AB4915}.Release|Any CPU.Build.0 = Release|Any CPU
	EndGlobalSection
	GlobalSection(SolutionProperties) = preSolution
		HideSolutionNode = FALSE
	EndGlobalSection
	GlobalSection(ExtensibilityGlobals) = postSolution
		SolutionGuid = {69DFE09A-5766-4D07-B2E1-566F8A3C8C8F}
	EndGlobalSection
EndGlobal
